{
  "requires": true,
  "lockfileVersion": 1,
  "dependencies": {
    "@vanillawc/wc-codemirror": {
      "version": "1.8.6",
      "resolved": "https://registry.npmjs.org/@vanillawc/wc-codemirror/-/wc-codemirror-1.8.6.tgz",
      "integrity": "sha512-W38D7ibL1H6iLEgVNb2wtkkabi7RT+3Nj0cBuCrFl8LwTvYOWT350c32wsk5iMbDd6j1Lkj6djTp6J0gYOzHow=="
    }
  }
}
